
Microsoft Visual Studio Solution File, Format Version 12.00
# Visual Studio Version 17
VisualStudioVersion = 17.0.31611.283
MinimumVisualStudioVersion = 10.0.40219.1
Project("{9A19103F-16F7-4668-BE54-9A1E7A4F7556}") = "MauiHotreload", "MauiHotreload\MauiHotreload.csproj", "{CA5353F2-7200-4B3F-81C6-0ACCF377E453}"
EndProject
Project("{FAE04EC0-301F-11D3-BF4B-00C04F79EFBC}") = "hotreload.shared", "hotreload.shared\hotreload.shared.csproj", "{6A0B60EC-14AC-4C77-803D-7080317B0D8A}"
EndProject
Global
	GlobalSection(SolutionConfigurationPlatforms) = preSolution
		Debug|Any CPU = Debug|Any CPU
		Release|Any CPU = Release|Any CPU
	EndGlobalSection
	GlobalSection(ProjectConfigurationPlatforms) = postSolution
		{CA5353F2-7200-4B3F-81C6-0ACCF377E453}.Debug|Any CPU.ActiveCfg = Debug|Any CPU
		{CA5353F2-7200-4B3F-81C6-0ACCF377E453}.Debug|Any CPU.Build.0 = Debug|Any CPU
		{CA5353F2-7200-4B3F-81C6-0ACCF377E453}.Debug|Any CPU.Deploy.0 = Debug|Any CPU
		{CA5353F2-7200-4B3F-81C6-0ACCF377E453}.Release|Any CPU.ActiveCfg = Release|Any CPU
		{CA5353F2-7200-4B3F-81C6-0ACCF377E453}.Release|Any CPU.Build.0 = Release|Any CPU
		{CA5353F2-7200-4B3F-81C6-0ACCF377E453}.Release|Any CPU.Deploy.0 = Release|Any CPU
		{6A0B60EC-14AC-4C77-803D-7080317B0D8A}.Debug|Any CPU.ActiveCfg = Debug|Any CPU
		{6A0B60EC-14AC-4C77-803D-7080317B0D8A}.Debug|Any CPU.Build.0 = Debug|Any CPU
		{6A0B60EC-14AC-4C77-803D-7080317B0D8A}.Release|Any CPU.ActiveCfg = Release|Any CPU
		{6A0B60EC-14AC-4C77-803D-7080317B0D8A}.Release|Any CPU.Build.0 = Release|Any CPU
	EndGlobalSection
	GlobalSection(SolutionProperties) = preSolution
		HideSolutionNode = FALSE
	EndGlobalSection
	GlobalSection(ExtensibilityGlobals) = postSolution
		SolutionGuid = {61F7FB11-1E47-470C-91E2-47F8143E1572}
	EndGlobalSection
EndGlobal
